<?xml version="1.0" encoding="utf-8"?>
<Project ToolsVersion="4.0" xmlns="http://schemas.microsoft.com/developer/msbuild/2003">
  <ItemGroup>
    <Filter Include="include">
      <UniqueIdentifier>{e641dc76-5fb3-4a68-8402-3c0435c05d2f}</UniqueIdentifier>
    </Filter>
    <Filter Include="src">
      <UniqueIdentifier>{9fe058b5-adc0-462e-8c79-9051120bbadd}</UniqueIdentifier>
    </Filter>
  </ItemGroup>
  <ItemGroup>
    <ClInclude Include="include\AreaLight.h">
      <Filter>include</Filter>
    </ClInclude>
    <ClInclude Include="include\D3DApp.h">
      <Filter>include</Filter>
    </ClInclude>
    <ClInclude Include="include\d3dUtil.h">
      <Filter>include</Filter>
    </ClInclude>
    <ClInclude Include="include\d3dx12.h">
      <Filter>include</Filter>
    </ClInclude>
    <ClInclude Include="include\DDSTextureLoader.h">
      <Filter>include</Filter>
    </ClInclude>
    <ClInclude Include="include\FrameResource.h">
      <Filter>include</Filter>
    </ClInclude>
    <ClInclude Include="include\GameTimer.h">
      <Filter>include</Filter>
    </ClInclude>
    <ClInclude Include="include\GeometryGenerator.h">
      <Filter>include</Filter>
    </ClInclude>
    <ClInclude Include="include\LTCTexLoader.h">
      <Filter>include</Filter>
    </ClInclude>
    <ClInclude Include="include\MathHelper.h">
      <Filter>include</Filter>
    </ClInclude>
    <ClInclude Include="include\UploadBuffer.h">
      <Filter>include</Filter>
    </ClInclude>
  </ItemGroup>
  <ItemGroup>
    <ClCompile Include="src\D3DApp.cpp">
      <Filter>src</Filter>
    </ClCompile>
    <ClCompile Include="src\d3dUtil.cpp">
      <Filter>src</Filter>
    </ClCompile>
    <ClCompile Include="src\DDSTextureLoader.cpp">
      <Filter>src</Filter>
    </ClCompile>
    <ClCompile Include="src\FrameResource.cpp">
      <Filter>src</Filter>
    </ClCompile>
    <ClCompile Include="src\GameTimer.cpp">
      <Filter>src</Filter>
    </ClCompile>
    <ClCompile Include="src\GeometryGenerator.cpp">
      <Filter>src</Filter>
    </ClCompile>
    <ClCompile Include="src\LTCTexLoader.cpp">
      <Filter>src</Filter>
    </ClCompile>
    <ClCompile Include="src\MathHelper.cpp">
      <Filter>src</Filter>
    </ClCompile>
  </ItemGroup>
</Project>