
Microsoft Visual Studio Solution File, Format Version 12.00
# Visual Studio Version 16
VisualStudioVersion = 16.0.30225.117
MinimumVisualStudioVersion = 10.0.40219.1
Project("{8BC9CEB8-8B4A-11D0-8D11-00A0C91BC942}") = "Prebuild", "Prebuild\Prebuild.vcxproj", "{EB392D5D-4602-4796-B3BE-6A7DCCA318B5}"
	ProjectSection(ProjectDependencies) = postProject
		{7E6EACDE-89CE-4F48-A136-20D7E7E91C6A} = {7E6EACDE-89CE-4F48-A136-20D7E7E91C6A}
	EndProjectSection
EndProject
Project("{8BC9CEB8-8B4A-11D0-8D11-00A0C91BC942}") = "Dx12Renderer", "Dx12Renderer\Dx12Renderer.vcxproj", "{7E6EACDE-89CE-4F48-A136-20D7E7E91C6A}"
EndProject
Project("{8BC9CEB8-8B4A-11D0-8D11-00A0C91BC942}") = "Toy Renderer App", "Toy Renderer App\Toy Renderer App.vcxproj", "{B969EA87-D69C-4BE3-A98C-1D83E217CF0C}"
	ProjectSection(ProjectDependencies) = postProject
		{7E6EACDE-89CE-4F48-A136-20D7E7E91C6A} = {7E6EACDE-89CE-4F48-A136-20D7E7E91C6A}
	EndProjectSection
EndProject
Global
	GlobalSection(SolutionConfigurationPlatforms) = preSolution
		Debug|x64 = Debug|x64
		Debug|x86 = Debug|x86
		Release|x64 = Release|x64
		Release|x86 = Release|x86
	EndGlobalSection
	GlobalSection(ProjectConfigurationPlatforms) = postSolution
		{EB392D5D-4602-4796-B3BE-6A7DCCA318B5}.Debug|x64.ActiveCfg = Debug|x64
		{EB392D5D-4602-4796-B3BE-6A7DCCA318B5}.Debug|x64.Build.0 = Debug|x64
		{EB392D5D-4602-4796-B3BE-6A7DCCA318B5}.Debug|x86.ActiveCfg = Debug|Win32
		{EB392D5D-4602-4796-B3BE-6A7DCCA318B5}.Debug|x86.Build.0 = Debug|Win32
		{EB392D5D-4602-4796-B3BE-6A7DCCA318B5}.Release|x64.ActiveCfg = Release|x64
		{EB392D5D-4602-4796-B3BE-6A7DCCA318B5}.Release|x64.Build.0 = Release|x64
		{EB392D5D-4602-4796-B3BE-6A7DCCA318B5}.Release|x86.ActiveCfg = Release|Win32
		{EB392D5D-4602-4796-B3BE-6A7DCCA318B5}.Release|x86.Build.0 = Release|Win32
		{7E6EACDE-89CE-4F48-A136-20D7E7E91C6A}.Debug|x64.ActiveCfg = Debug|x64
		{7E6EACDE-89CE-4F48-A136-20D7E7E91C6A}.Debug|x64.Build.0 = Debug|x64
		{7E6EACDE-89CE-4F48-A136-20D7E7E91C6A}.Debug|x86.ActiveCfg = Debug|Win32
		{7E6EACDE-89CE-4F48-A136-20D7E7E91C6A}.Debug|x86.Build.0 = Debug|Win32
		{7E6EACDE-89CE-4F48-A136-20D7E7E91C6A}.Release|x64.ActiveCfg = Release|x64
		{7E6EACDE-89CE-4F48-A136-20D7E7E91C6A}.Release|x64.Build.0 = Release|x64
		{7E6EACDE-89CE-4F48-A136-20D7E7E91C6A}.Release|x86.ActiveCfg = Release|Win32
		{7E6EACDE-89CE-4F48-A136-20D7E7E91C6A}.Release|x86.Build.0 = Release|Win32
		{B969EA87-D69C-4BE3-A98C-1D83E217CF0C}.Debug|x64.ActiveCfg = Debug|x64
		{B969EA87-D69C-4BE3-A98C-1D83E217CF0C}.Debug|x64.Build.0 = Debug|x64
		{B969EA87-D69C-4BE3-A98C-1D83E217CF0C}.Debug|x86.ActiveCfg = Debug|Win32
		{B969EA87-D69C-4BE3-A98C-1D83E217CF0C}.Debug|x86.Build.0 = Debug|Win32
		{B969EA87-D69C-4BE3-A98C-1D83E217CF0C}.Release|x64.ActiveCfg = Release|x64
		{B969EA87-D69C-4BE3-A98C-1D83E217CF0C}.Release|x64.Build.0 = Release|x64
		{B969EA87-D69C-4BE3-A98C-1D83E217CF0C}.Release|x86.ActiveCfg = Release|Win32
		{B969EA87-D69C-4BE3-A98C-1D83E217CF0C}.Release|x86.Build.0 = Release|Win32
	EndGlobalSection
	GlobalSection(SolutionProperties) = preSolution
		HideSolutionNode = FALSE
	EndGlobalSection
	GlobalSection(ExtensibilityGlobals) = postSolution
		SolutionGuid = {BC67CC59-6825-4AE3-9C77-E9338468716F}
	EndGlobalSection
EndGlobal
